
Microsoft Visual Studio Solution File, Format Version 12.00
# Visual Studio Version 17
VisualStudioVersion = 17.3.32929.385
MinimumVisualStudioVersion = 10.0.40219.1
Project("{FAE04EC0-301F-11D3-BF4B-00C04F79EFBC}") = "kalkulatori (rimski, imaginarni, veliki)", "kalkulatori (rimski, imaginarni, veliki)\kalkulatori (rimski, imaginarni, veliki).csproj", "{7AC8B467-AE25-4E06-9380-450EE4EEC007}"
EndProject
Global
	GlobalSection(SolutionConfigurationPlatforms) = preSolution
		Debug|Any CPU = Debug|Any CPU
		Release|Any CPU = Release|Any CPU
	EndGlobalSection
	GlobalSection(ProjectConfigurationPlatforms) = postSolution
		{7AC8B467-AE25-4E06-9380-450EE4EEC007}.Debug|Any CPU.ActiveCfg = Debug|Any CPU
		{7AC8B467-AE25-4E06-9380-450EE4EEC007}.Debug|Any CPU.Build.0 = Debug|Any CPU
		{7AC8B467-AE25-4E06-9380-450EE4EEC007}.Release|Any CPU.ActiveCfg = Release|Any CPU
		{7AC8B467-AE25-4E06-9380-450EE4EEC007}.Release|Any CPU.Build.0 = Release|Any CPU
	EndGlobalSection
	GlobalSection(SolutionProperties) = preSolution
		HideSolutionNode = FALSE
	EndGlobalSection
	GlobalSection(ExtensibilityGlobals) = postSolution
		SolutionGuid = {CD4EDF90-095E-4D24-B299-184A6E53F8A3}
	EndGlobalSection
EndGlobal
